
Microsoft Visual Studio Solution File, Format Version 12.00
# Visual Studio 15
VisualStudioVersion = 15.0.28307.902
MinimumVisualStudioVersion = 10.0.40219.1
Project("{FAE04EC0-301F-11D3-BF4B-00C04F79EFBC}") = "XamarinFormsBehavior.Android", "XamarinFormsBehavior\XamarinFormsBehavior.Android\XamarinFormsBehavior.Android.csproj", "{6F42D30F-11A7-4C24-A30A-CF169C7475EE}"
EndProject
Project("{FAE04EC0-301F-11D3-BF4B-00C04F79EFBC}") = "XamarinFormsBehavior.iOS", "XamarinFormsBehavior\XamarinFormsBehavior.iOS\XamarinFormsBehavior.iOS.csproj", "{02105DAD-63B2-4E9F-B3EF-2F69B498E6A8}"
EndProject
Project("{FAE04EC0-301F-11D3-BF4B-00C04F79EFBC}") = "XamarinFormsBehavior", "XamarinFormsBehavior\XamarinFormsBehavior\XamarinFormsBehavior.csproj", "{C3567222-8D60-4589-8A99-F527D62BA825}"
EndProject
Global
	GlobalSection(SolutionConfigurationPlatforms) = preSolution
		Ad-Hoc|Any CPU = Ad-Hoc|Any CPU
		Ad-Hoc|iPhone = Ad-Hoc|iPhone
		Ad-Hoc|iPhoneSimulator = Ad-Hoc|iPhoneSimulator
		AppStore|Any CPU = AppStore|Any CPU
		AppStore|iPhone = AppStore|iPhone
		AppStore|iPhoneSimulator = AppStore|iPhoneSimulator
		Debug|Any CPU = Debug|Any CPU
		Debug|iPhone = Debug|iPhone
		Debug|iPhoneSimulator = Debug|iPhoneSimulator
		Release|Any CPU = Release|Any CPU
		Release|iPhone = Release|iPhone
		Release|iPhoneSimulator = Release|iPhoneSimulator
	EndGlobalSection
	GlobalSection(ProjectConfigurationPlatforms) = postSolution
		{6F42D30F-11A7-4C24-A30A-CF169C7475EE}.Ad-Hoc|Any CPU.ActiveCfg = Release|Any CPU
		{6F42D30F-11A7-4C24-A30A-CF169C7475EE}.Ad-Hoc|Any CPU.Build.0 = Release|Any CPU
		{6F42D30F-11A7-4C24-A30A-CF169C7475EE}.Ad-Hoc|Any CPU.Deploy.0 = Release|Any CPU
		{6F42D30F-11A7-4C24-A30A-CF169C7475EE}.Ad-Hoc|iPhone.ActiveCfg = Release|Any CPU
		{6F42D30F-11A7-4C24-A30A-CF169C7475EE}.Ad-Hoc|iPhone.Build.0 = Release|Any CPU
		{6F42D30F-11A7-4C24-A30A-CF169C7475EE}.Ad-Hoc|iPhone.Deploy.0 = Release|Any CPU
		{6F42D30F-11A7-4C24-A30A-CF169C7475EE}.Ad-Hoc|iPhoneSimulator.ActiveCfg = Release|Any CPU
		{6F42D30F-11A7-4C24-A30A-CF169C7475EE}.Ad-Hoc|iPhoneSimulator.Build.0 = Release|Any CPU
		{6F42D30F-11A7-4C24-A30A-CF169C7475EE}.Ad-Hoc|iPhoneSimulator.Deploy.0 = Release|Any CPU
		{6F42D30F-11A7-4C24-A30A-CF169C7475EE}.AppStore|Any CPU.ActiveCfg = Release|Any CPU
		{6F42D30F-11A7-4C24-A30A-CF169C7475EE}.AppStore|Any CPU.Build.0 = Release|Any CPU
		{6F42D30F-11A7-4C24-A30A-CF169C7475EE}.AppStore|Any CPU.Deploy.0 = Release|Any CPU
		{6F42D30F-11A7-4C24-A30A-CF169C7475EE}.AppStore|iPhone.ActiveCfg = Release|Any CPU
		{6F42D30F-11A7-4C24-A30A-CF169C7475EE}.AppStore|iPhone.Build.0 = Release|Any CPU
		{6F42D30F-11A7-4C24-A30A-CF169C7475EE}.AppStore|iPhone.Deploy.0 = Release|Any CPU
		{6F42D30F-11A7-4C24-A30A-CF169C7475EE}.AppStore|iPhoneSimulator.ActiveCfg = Release|Any CPU
		{6F42D30F-11A7-4C24-A30A-CF169C7475EE}.AppStore|iPhoneSimulator.Build.0 = Release|Any CPU
		{6F42D30F-11A7-4C24-A30A-CF169C7475EE}.AppStore|iPhoneSimulator.Deploy.0 = Release|Any CPU
		{6F42D30F-11A7-4C24-A30A-CF169C7475EE}.Debug|Any CPU.ActiveCfg = Debug|Any CPU
		{6F42D30F-11A7-4C24-A30A-CF169C7475EE}.Debug|Any CPU.Build.0 = Debug|Any CPU
		{6F42D30F-11A7-4C24-A30A-CF169C7475EE}.Debug|Any CPU.Deploy.0 = Debug|Any CPU
		{6F42D30F-11A7-4C24-A30A-CF169C7475EE}.Debug|iPhone.ActiveCfg = Debug|Any CPU
		{6F42D30F-11A7-4C24-A30A-CF169C7475EE}.Debug|iPhone.Build.0 = Debug|Any CPU
		{6F42D30F-11A7-4C24-A30A-CF169C7475EE}.Debug|iPhone.Deploy.0 = Debug|Any CPU
		{6F42D30F-11A7-4C24-A30A-CF169C7475EE}.Debug|iPhoneSimulator.ActiveCfg = Debug|Any CPU
		{6F42D30F-11A7-4C24-A30A-CF169C7475EE}.Debug|iPhoneSimulator.Build.0 = Debug|Any CPU
		{6F42D30F-11A7-4C24-A30A-CF169C7475EE}.Debug|iPhoneSimulator.Deploy.0 = Debug|Any CPU
		{6F42D30F-11A7-4C24-A30A-CF169C7475EE}.Release|Any CPU.ActiveCfg = Release|Any CPU
		{6F42D30F-11A7-4C24-A30A-CF169C7475EE}.Release|Any CPU.Build.0 = Release|Any CPU
		{6F42D30F-11A7-4C24-A30A-CF169C7475EE}.Release|Any CPU.Deploy.0 = Release|Any CPU
		{6F42D30F-11A7-4C24-A30A-CF169C7475EE}.Release|iPhone.ActiveCfg = Release|Any CPU
		{6F42D30F-11A7-4C24-A30A-CF169C7475EE}.Release|iPhone.Build.0 = Release|Any CPU
		{6F42D30F-11A7-4C24-A30A-CF169C7475EE}.Release|iPhone.Deploy.0 = Release|Any CPU
		{6F42D30F-11A7-4C24-A30A-CF169C7475EE}.Release|iPhoneSimulator.ActiveCfg = Release|Any CPU
		{6F42D30F-11A7-4C24-A30A-CF169C7475EE}.Release|iPhoneSimulator.Build.0 = Release|Any CPU
		{6F42D30F-11A7-4C24-A30A-CF169C7475EE}.Release|iPhoneSimulator.Deploy.0 = Release|Any CPU
		{02105DAD-63B2-4E9F-B3EF-2F69B498E6A8}.Ad-Hoc|Any CPU.ActiveCfg = Ad-Hoc|iPhone
		{02105DAD-63B2-4E9F-B3EF-2F69B498E6A8}.Ad-Hoc|Any CPU.Build.0 = Ad-Hoc|iPhone
		{02105DAD-63B2-4E9F-B3EF-2F69B498E6A8}.Ad-Hoc|Any CPU.Deploy.0 = Ad-Hoc|iPhone
		{02105DAD-63B2-4E9F-B3EF-2F69B498E6A8}.Ad-Hoc|iPhone.ActiveCfg = Ad-Hoc|iPhone
		{02105DAD-63B2-4E9F-B3EF-2F69B498E6A8}.Ad-Hoc|iPhone.Build.0 = Ad-Hoc|iPhone
		{02105DAD-63B2-4E9F-B3EF-2F69B498E6A8}.Ad-Hoc|iPhone.Deploy.0 = Ad-Hoc|iPhone
		{02105DAD-63B2-4E9F-B3EF-2F69B498E6A8}.Ad-Hoc|iPhoneSimulator.ActiveCfg = Ad-Hoc|iPhoneSimulator
		{02105DAD-63B2-4E9F-B3EF-2F69B498E6A8}.Ad-Hoc|iPhoneSimulator.Build.0 = Ad-Hoc|iPhoneSimulator
		{02105DAD-63B2-4E9F-B3EF-2F69B498E6A8}.Ad-Hoc|iPhoneSimulator.Deploy.0 = Ad-Hoc|iPhoneSimulator
		{02105DAD-63B2-4E9F-B3EF-2F69B498E6A8}.AppStore|Any CPU.ActiveCfg = AppStore|iPhone
		{02105DAD-63B2-4E9F-B3EF-2F69B498E6A8}.AppStore|Any CPU.Build.0 = AppStore|iPhone
		{02105DAD-63B2-4E9F-B3EF-2F69B498E6A8}.AppStore|Any CPU.Deploy.0 = AppStore|iPhone
		{02105DAD-63B2-4E9F-B3EF-2F69B498E6A8}.AppStore|iPhone.ActiveCfg = AppStore|iPhone
		{02105DAD-63B2-4E9F-B3EF-2F69B498E6A8}.AppStore|iPhone.Build.0 = AppStore|iPhone
		{02105DAD-63B2-4E9F-B3EF-2F69B498E6A8}.AppStore|iPhone.Deploy.0 = AppStore|iPhone
		{02105DAD-63B2-4E9F-B3EF-2F69B498E6A8}.AppStore|iPhoneSimulator.ActiveCfg = AppStore|iPhoneSimulator
		{02105DAD-63B2-4E9F-B3EF-2F69B498E6A8}.AppStore|iPhoneSimulator.Build.0 = AppStore|iPhoneSimulator
		{02105DAD-63B2-4E9F-B3EF-2F69B498E6A8}.AppStore|iPhoneSimulator.Deploy.0 = AppStore|iPhoneSimulator
		{02105DAD-63B2-4E9F-B3EF-2F69B498E6A8}.Debug|Any CPU.ActiveCfg = Debug|iPhoneSimulator
		{02105DAD-63B2-4E9F-B3EF-2F69B498E6A8}.Debug|Any CPU.Build.0 = Debug|iPhoneSimulator
		{02105DAD-63B2-4E9F-B3EF-2F69B498E6A8}.Debug|Any CPU.Deploy.0 = Debug|iPhoneSimulator
		{02105DAD-63B2-4E9F-B3EF-2F69B498E6A8}.Debug|iPhone.ActiveCfg = Debug|iPhone
		{02105DAD-63B2-4E9F-B3EF-2F69B498E6A8}.Debug|iPhone.Build.0 = Debug|iPhone
		{02105DAD-63B2-4E9F-B3EF-2F69B498E6A8}.Debug|iPhone.Deploy.0 = Debug|iPhone
		{02105DAD-63B2-4E9F-B3EF-2F69B498E6A8}.Debug|iPhoneSimulator.ActiveCfg = Debug|iPhoneSimulator
		{02105DAD-63B2-4E9F-B3EF-2F69B498E6A8}.Debug|iPhoneSimulator.Build.0 = Debug|iPhoneSimulator
		{02105DAD-63B2-4E9F-B3EF-2F69B498E6A8}.Debug|iPhoneSimulator.Deploy.0 = Debug|iPhoneSimulator
		{02105DAD-63B2-4E9F-B3EF-2F69B498E6A8}.Release|Any CPU.ActiveCfg = Release|iPhone
		{02105DAD-63B2-4E9F-B3EF-2F69B498E6A8}.Release|Any CPU.Build.0 = Release|iPhone
		{02105DAD-63B2-4E9F-B3EF-2F69B498E6A8}.Release|Any CPU.Deploy.0 = Release|iPhone
		{02105DAD-63B2-4E9F-B3EF-2F69B498E6A8}.Release|iPhone.ActiveCfg = Release|iPhone
		{02105DAD-63B2-4E9F-B3EF-2F69B498E6A8}.Release|iPhone.Build.0 = Release|iPhone
		{02105DAD-63B2-4E9F-B3EF-2F69B498E6A8}.Release|iPhone.Deploy.0 = Release|iPhone
		{02105DAD-63B2-4E9F-B3EF-2F69B498E6A8}.Release|iPhoneSimulator.ActiveCfg = Release|iPhoneSimulator
		{02105DAD-63B2-4E9F-B3EF-2F69B498E6A8}.Release|iPhoneSimulator.Build.0 = Release|iPhoneSimulator
		{02105DAD-63B2-4E9F-B3EF-2F69B498E6A8}.Release|iPhoneSimulator.Deploy.0 = Release|iPhoneSimulator
		{C3567222-8D60-4589-8A99-F527D62BA825}.Ad-Hoc|Any CPU.ActiveCfg = Debug|Any CPU
		{C3567222-8D60-4589-8A99-F527D62BA825}.Ad-Hoc|Any CPU.Build.0 = Debug|Any CPU
		{C3567222-8D60-4589-8A99-F527D62BA825}.Ad-Hoc|Any CPU.Deploy.0 = Debug|Any CPU
		{C3567222-8D60-4589-8A99-F527D62BA825}.Ad-Hoc|iPhone.ActiveCfg = Debug|Any CPU
		{C3567222-8D60-4589-8A99-F527D62BA825}.Ad-Hoc|iPhone.Build.0 = Debug|Any CPU
		{C3567222-8D60-4589-8A99-F527D62BA825}.Ad-Hoc|iPhone.Deploy.0 = Debug|Any CPU
		{C3567222-8D60-4589-8A99-F527D62BA825}.Ad-Hoc|iPhoneSimulator.ActiveCfg = Debug|Any CPU
		{C3567222-8D60-4589-8A99-F527D62BA825}.Ad-Hoc|iPhoneSimulator.Build.0 = Debug|Any CPU
		{C3567222-8D60-4589-8A99-F527D62BA825}.Ad-Hoc|iPhoneSimulator.Deploy.0 = Debug|Any CPU
		{C3567222-8D60-4589-8A99-F527D62BA825}.AppStore|Any CPU.ActiveCfg = Debug|Any CPU
		{C3567222-8D60-4589-8A99-F527D62BA825}.AppStore|Any CPU.Build.0 = Debug|Any CPU
		{C3567222-8D60-4589-8A99-F527D62BA825}.AppStore|Any CPU.Deploy.0 = Debug|Any CPU
		{C3567222-8D60-4589-8A99-F527D62BA825}.AppStore|iPhone.ActiveCfg = Debug|Any CPU
		{C3567222-8D60-4589-8A99-F527D62BA825}.AppStore|iPhone.Build.0 = Debug|Any CPU
		{C3567222-8D60-4589-8A99-F527D62BA825}.AppStore|iPhone.Deploy.0 = Debug|Any CPU
		{C3567222-8D60-4589-8A99-F527D62BA825}.AppStore|iPhoneSimulator.ActiveCfg = Debug|Any CPU
		{C3567222-8D60-4589-8A99-F527D62BA825}.AppStore|iPhoneSimulator.Build.0 = Debug|Any CPU
		{C3567222-8D60-4589-8A99-F527D62BA825}.AppStore|iPhoneSimulator.Deploy.0 = Debug|Any CPU
		{C3567222-8D60-4589-8A99-F527D62BA825}.Debug|Any CPU.ActiveCfg = Debug|Any CPU
		{C3567222-8D60-4589-8A99-F527D62BA825}.Debug|Any CPU.Build.0 = Debug|Any CPU
		{C3567222-8D60-4589-8A99-F527D62BA825}.Debug|Any CPU.Deploy.0 = Debug|Any CPU
		{C3567222-8D60-4589-8A99-F527D62BA825}.Debug|iPhone.ActiveCfg = Debug|Any CPU
		{C3567222-8D60-4589-8A99-F527D62BA825}.Debug|iPhone.Build.0 = Debug|Any CPU
		{C3567222-8D60-4589-8A99-F527D62BA825}.Debug|iPhone.Deploy.0 = Debug|Any CPU
		{C3567222-8D60-4589-8A99-F527D62BA825}.Debug|iPhoneSimulator.ActiveCfg = Debug|Any CPU
		{C3567222-8D60-4589-8A99-F527D62BA825}.Debug|iPhoneSimulator.Build.0 = Debug|Any CPU
		{C3567222-8D60-4589-8A99-F527D62BA825}.Debug|iPhoneSimulator.Deploy.0 = Debug|Any CPU
		{C3567222-8D60-4589-8A99-F527D62BA825}.Release|Any CPU.ActiveCfg = Release|Any CPU
		{C3567222-8D60-4589-8A99-F527D62BA825}.Release|Any CPU.Build.0 = Release|Any CPU
		{C3567222-8D60-4589-8A99-F527D62BA825}.Release|Any CPU.Deploy.0 = Release|Any CPU
		{C3567222-8D60-4589-8A99-F527D62BA825}.Release|iPhone.ActiveCfg = Release|Any CPU
		{C3567222-8D60-4589-8A99-F527D62BA825}.Release|iPhone.Build.0 = Release|Any CPU
		{C3567222-8D60-4589-8A99-F527D62BA825}.Release|iPhone.Deploy.0 = Release|Any CPU
		{C3567222-8D60-4589-8A99-F527D62BA825}.Release|iPhoneSimulator.ActiveCfg = Release|Any CPU
		{C3567222-8D60-4589-8A99-F527D62BA825}.Release|iPhoneSimulator.Build.0 = Release|Any CPU
		{C3567222-8D60-4589-8A99-F527D62BA825}.Release|iPhoneSimulator.Deploy.0 = Release|Any CPU
	EndGlobalSection
	GlobalSection(SolutionProperties) = preSolution
		HideSolutionNode = FALSE
	EndGlobalSection
	GlobalSection(ExtensibilityGlobals) = postSolution
		SolutionGuid = {0251D965-2D84-4569-9BFC-CCE945C2E6B2}
	EndGlobalSection
EndGlobal
